// !$*UTF8*$!
{
	archiveVersion = 1;
	classes = {
	};
	objectVersion = 48;
	objects = {

/* Begin PBXBuildFile section */
		0146853C20B65D4800DEC3BB /* FNavbarView.xib in Resources */ = {isa = PBXBuildFile; fileRef = 0146853620B65D4800DEC3BB /* FNavbarView.xib */; };
		0146853D20B65D4800DEC3BB /* DrawerView.xib in Resources */ = {isa = PBXBuildFile; fileRef = 0146853720B65D4800DEC3BB /* DrawerView.xib */; };
		0146853E20B65D4800DEC3BB /* BNavigationController.swift in Sources */ = {isa = PBXBuildFile; fileRef = 0146853820B65D4800DEC3BB /* BNavigationController.swift */; };
		0146853F20B65D4800DEC3BB /* BViewController.swift in Sources */ = {isa = PBXBuildFile; fileRef = 0146853920B65D4800DEC3BB /* BViewController.swift */; };
		0146854020B65D4800DEC3BB /* DrawerView.swift in Sources */ = {isa = PBXBuildFile; fileRef = 0146853A20B65D4800DEC3BB /* DrawerView.swift */; };
		0146854120B65D4800DEC3BB /* FNavbarView.swift in Sources */ = {isa = PBXBuildFile; fileRef = 0146853B20B65D4800DEC3BB /* FNavbarView.swift */; };
		01C8555E20B5168F004AAE2D /* AppDelegate.swift in Sources */ = {isa = PBXBuildFile; fileRef = 01C8555D20B5168F004AAE2D /* AppDelegate.swift */; };
		01C8556020B5168F004AAE2D /* ViewController.swift in Sources */ = {isa = PBXBuildFile; fileRef = 01C8555F20B5168F004AAE2D /* ViewController.swift */; };
		01C8556320B5168F004AAE2D /* Main.storyboard in Resources */ = {isa = PBXBuildFile; fileRef = 01C8556120B5168F004AAE2D /* Main.storyboard */; };
		01C8556520B5168F004AAE2D /* Assets.xcassets in Resources */ = {isa = PBXBuildFile; fileRef = 01C8556420B5168F004AAE2D /* Assets.xcassets */; };
		01C8556820B5168F004AAE2D /* LaunchScreen.storyboard in Resources */ = {isa = PBXBuildFile; fileRef = 01C8556620B5168F004AAE2D /* LaunchScreen.storyboard */; };
		01C8558120B51F04004AAE2D /* CustomMapWIndow.swift in Sources */ = {isa = PBXBuildFile; fileRef = 01C8557F20B51F04004AAE2D /* CustomMapWIndow.swift */; };
		01C8558220B51F04004AAE2D /* CustomMapWIndow.xib in Resources */ = {isa = PBXBuildFile; fileRef = 01C8558020B51F04004AAE2D /* CustomMapWIndow.xib */; };
		01C8558420B520FE004AAE2D /* SecondViewController.swift in Sources */ = {isa = PBXBuildFile; fileRef = 01C8558320B520FE004AAE2D /* SecondViewController.swift */; };
		01C8558920B52F1C004AAE2D /* GoogleMapsCore.framework in Frameworks */ = {isa = PBXBuildFile; fileRef = 01C8558620B52F1C004AAE2D /* GoogleMapsCore.framework */; };
		01C8558A20B52F1C004AAE2D /* GoogleMaps.framework in Frameworks */ = {isa = PBXBuildFile; fileRef = 01C8558720B52F1C004AAE2D /* GoogleMaps.framework */; };
		01C8558B20B52F1C004AAE2D /* GoogleMapsBase.framework in Frameworks */ = {isa = PBXBuildFile; fileRef = 01C8558820B52F1C004AAE2D /* GoogleMapsBase.framework */; };
		01C8559020B52FA3004AAE2D /* Accelerate.framework in Frameworks */ = {isa = PBXBuildFile; fileRef = 01C8558F20B52FA3004AAE2D /* Accelerate.framework */; };
		01C8559220B52FAD004AAE2D /* CoreData.framework in Frameworks */ = {isa = PBXBuildFile; fileRef = 01C8559120B52FAD004AAE2D /* CoreData.framework */; };
		01C8559420B52FB4004AAE2D /* CoreGraphics.framework in Frameworks */ = {isa = PBXBuildFile; fileRef = 01C8559320B52FB4004AAE2D /* CoreGraphics.framework */; };
		01C8559620B52FC1004AAE2D /* CoreImage.framework in Frameworks */ = {isa = PBXBuildFile; fileRef = 01C8559520B52FC1004AAE2D /* CoreImage.framework */; };
		01C8559820B52FC6004AAE2D /* CoreLocation.framework in Frameworks */ = {isa = PBXBuildFile; fileRef = 01C8559720B52FC6004AAE2D /* CoreLocation.framework */; };
		01C8559A20B52FD0004AAE2D /* CoreTelephony.framework in Frameworks */ = {isa = PBXBuildFile; fileRef = 01C8559920B52FD0004AAE2D /* CoreTelephony.framework */; };
		01C8559C20B52FE1004AAE2D /* CoreText.framework in Frameworks */ = {isa = PBXBuildFile; fileRef = 01C8559B20B52FE1004AAE2D /* CoreText.framework */; };
		01C8559E20B52FE6004AAE2D /* GLKit.framework in Frameworks */ = {isa = PBXBuildFile; fileRef = 01C8559D20B52FE6004AAE2D /* GLKit.framework */; };
		01C855A020B52FF0004AAE2D /* ImageIO.framework in Frameworks */ = {isa = PBXBuildFile; fileRef = 01C8559F20B52FF0004AAE2D /* ImageIO.framework */; };
		01C855A220B52FF6004AAE2D /* libz.tbd in Frameworks */ = {isa = PBXBuildFile; fileRef = 01C855A120B52FF6004AAE2D /* libz.tbd */; };
		01C855A420B52FFE004AAE2D /* libc++.tbd in Frameworks */ = {isa = PBXBuildFile; fileRef = 01C855A320B52FFE004AAE2D /* libc++.tbd */; };
		01C855A620B53007004AAE2D /* OpenGLES.framework in Frameworks */ = {isa = PBXBuildFile; fileRef = 01C855A520B53007004AAE2D /* OpenGLES.framework */; };
		01C855A820B5300C004AAE2D /* QuartzCore.framework in Frameworks */ = {isa = PBXBuildFile; fileRef = 01C855A720B5300C004AAE2D /* QuartzCore.framework */; };
		01C855AA20B53015004AAE2D /* SystemConfiguration.framework in Frameworks */ = {isa = PBXBuildFile; fileRef = 01C855A920B53015004AAE2D /* SystemConfiguration.framework */; };
		01C855AC20B5301C004AAE2D /* UIKit.framework in Frameworks */ = {isa = PBXBuildFile; fileRef = 01C855AB20B5301C004AAE2D /* UIKit.framework */; };
		01C855AE20B5349A004AAE2D /* GoogleMaps.bundle in Resources */ = {isa = PBXBuildFile; fileRef = 01C855AD20B53499004AAE2D /* GoogleMaps.bundle */; };
		74466EF820B5E29200272F0D /* PayFortSDK.bundle in Resources */ = {isa = PBXBuildFile; fileRef = 74466EF620B5E29200272F0D /* PayFortSDK.bundle */; };
		74466EF920B5E29200272F0D /* PayFortSDK.framework in Frameworks */ = {isa = PBXBuildFile; fileRef = 74466EF720B5E29200272F0D /* PayFortSDK.framework */; };
		8835B2FB20B590E700961324 /* Menu.png in Resources */ = {isa = PBXBuildFile; fileRef = 8835B2FA20B590E700961324 /* Menu.png */; };
		8835B2FD20B5A89300961324 /* arrow.png in Resources */ = {isa = PBXBuildFile; fileRef = 8835B2FC20B5A89300961324 /* arrow.png */; };
		8835B30020B5A98A00961324 /* selected.png in Resources */ = {isa = PBXBuildFile; fileRef = 8835B2FE20B5A98A00961324 /* selected.png */; };
		8835B30120B5A98A00961324 /* deselect.png in Resources */ = {isa = PBXBuildFile; fileRef = 8835B2FF20B5A98A00961324 /* deselect.png */; };
/* End PBXBuildFile section */

/* Begin PBXFileReference section */
		0146853620B65D4800DEC3BB /* FNavbarView.xib */ = {isa = PBXFileReference; fileEncoding = 4; lastKnownFileType = file.xib; path = FNavbarView.xib; sourceTree = "<group>"; };
		0146853720B65D4800DEC3BB /* DrawerView.xib */ = {isa = PBXFileReference; fileEncoding = 4; lastKnownFileType = file.xib; path = DrawerView.xib; sourceTree = "<group>"; };
		0146853820B65D4800DEC3BB /* BNavigationController.swift */ = {isa = PBXFileReference; fileEncoding = 4; lastKnownFileType = sourcecode.swift; path = BNavigationController.swift; sourceTree = "<group>"; };
		0146853920B65D4800DEC3BB /* BViewController.swift */ = {isa = PBXFileReference; fileEncoding = 4; lastKnownFileType = sourcecode.swift; path = BViewController.swift; sourceTree = "<group>"; };
		0146853A20B65D4800DEC3BB /* DrawerView.swift */ = {isa = PBXFileReference; fileEncoding = 4; lastKnownFileType = sourcecode.swift; path = DrawerView.swift; sourceTree = "<group>"; };
		0146853B20B65D4800DEC3BB /* FNavbarView.swift */ = {isa = PBXFileReference; fileEncoding = 4; lastKnownFileType = sourcecode.swift; path = FNavbarView.swift; sourceTree = "<group>"; };
		01C8555A20B5168F004AAE2D /* Buyer.app */ = {isa = PBXFileReference; explicitFileType = wrapper.application; includeInIndex = 0; path = Buyer.app; sourceTree = BUILT_PRODUCTS_DIR; };
		01C8555D20B5168F004AAE2D /* AppDelegate.swift */ = {isa = PBXFileReference; lastKnownFileType = sourcecode.swift; path = AppDelegate.swift; sourceTree = "<group>"; };
		01C8555F20B5168F004AAE2D /* ViewController.swift */ = {isa = PBXFileReference; lastKnownFileType = sourcecode.swift; path = ViewController.swift; sourceTree = "<group>"; };
		01C8556220B5168F004AAE2D /* Base */ = {isa = PBXFileReference; lastKnownFileType = file.storyboard; name = Base; path = Base.lproj/Main.storyboard; sourceTree = "<group>"; };
		01C8556420B5168F004AAE2D /* Assets.xcassets */ = {isa = PBXFileReference; lastKnownFileType = folder.assetcatalog; path = Assets.xcassets; sourceTree = "<group>"; };
		01C8556720B5168F004AAE2D /* Base */ = {isa = PBXFileReference; lastKnownFileType = file.storyboard; name = Base; path = Base.lproj/LaunchScreen.storyboard; sourceTree = "<group>"; };
		01C8556920B5168F004AAE2D /* Info.plist */ = {isa = PBXFileReference; lastKnownFileType = text.plist.xml; path = Info.plist; sourceTree = "<group>"; };
		01C8557F20B51F04004AAE2D /* CustomMapWIndow.swift */ = {isa = PBXFileReference; fileEncoding = 4; lastKnownFileType = sourcecode.swift; path = CustomMapWIndow.swift; sourceTree = "<group>"; };
		01C8558020B51F04004AAE2D /* CustomMapWIndow.xib */ = {isa = PBXFileReference; fileEncoding = 4; lastKnownFileType = file.xib; path = CustomMapWIndow.xib; sourceTree = "<group>"; };
		01C8558320B520FE004AAE2D /* SecondViewController.swift */ = {isa = PBXFileReference; lastKnownFileType = sourcecode.swift; path = SecondViewController.swift; sourceTree = "<group>"; };
		01C8558620B52F1C004AAE2D /* GoogleMapsCore.framework */ = {isa = PBXFileReference; lastKnownFileType = wrapper.framework; path = GoogleMapsCore.framework; sourceTree = "<group>"; };
		01C8558720B52F1C004AAE2D /* GoogleMaps.framework */ = {isa = PBXFileReference; lastKnownFileType = wrapper.framework; path = GoogleMaps.framework; sourceTree = "<group>"; };
		01C8558820B52F1C004AAE2D /* GoogleMapsBase.framework */ = {isa = PBXFileReference; lastKnownFileType = wrapper.framework; path = GoogleMapsBase.framework; sourceTree = "<group>"; };
		01C8558F20B52FA3004AAE2D /* Accelerate.framework */ = {isa = PBXFileReference; lastKnownFileType = wrapper.framework; name = Accelerate.framework; path = System/Library/Frameworks/Accelerate.framework; sourceTree = SDKROOT; };
		01C8559120B52FAD004AAE2D /* CoreData.framework */ = {isa = PBXFileReference; lastKnownFileType = wrapper.framework; name = CoreData.framework; path = System/Library/Frameworks/CoreData.framework; sourceTree = SDKROOT; };
		01C8559320B52FB4004AAE2D /* CoreGraphics.framework */ = {isa = PBXFileReference; lastKnownFileType = wrapper.framework; name = CoreGraphics.framework; path = System/Library/Frameworks/CoreGraphics.framework; sourceTree = SDKROOT; };
		01C8559520B52FC1004AAE2D /* CoreImage.framework */ = {isa = PBXFileReference; lastKnownFileType = wrapper.framework; name = CoreImage.framework; path = System/Library/Frameworks/CoreImage.framework; sourceTree = SDKROOT; };
		01C8559720B52FC6004AAE2D /* CoreLocation.framework */ = {isa = PBXFileReference; lastKnownFileType = wrapper.framework; name = CoreLocation.framework; path = System/Library/Frameworks/CoreLocation.framework; sourceTree = SDKROOT; };
		01C8559920B52FD0004AAE2D /* CoreTelephony.framework */ = {isa = PBXFileReference; lastKnownFileType = wrapper.framework; name = CoreTelephony.framework; path = System/Library/Frameworks/CoreTelephony.framework; sourceTree = SDKROOT; };
		01C8559B20B52FE1004AAE2D /* CoreText.framework */ = {isa = PBXFileReference; lastKnownFileType = wrapper.framework; name = CoreText.framework; path = System/Library/Frameworks/CoreText.framework; sourceTree = SDKROOT; };
		01C8559D20B52FE6004AAE2D /* GLKit.framework */ = {isa = PBXFileReference; lastKnownFileType = wrapper.framework; name = GLKit.framework; path = System/Library/Frameworks/GLKit.framework; sourceTree = SDKROOT; };
		01C8559F20B52FF0004AAE2D /* ImageIO.framework */ = {isa = PBXFileReference; lastKnownFileType = wrapper.framework; name = ImageIO.framework; path = System/Library/Frameworks/ImageIO.framework; sourceTree = SDKROOT; };
		01C855A120B52FF6004AAE2D /* libz.tbd */ = {isa = PBXFileReference; lastKnownFileType = "sourcecode.text-based-dylib-definition"; name = libz.tbd; path = usr/lib/libz.tbd; sourceTree = SDKROOT; };
		01C855A320B52FFE004AAE2D /* libc++.tbd */ = {isa = PBXFileReference; lastKnownFileType = "sourcecode.text-based-dylib-definition"; name = "libc++.tbd"; path = "usr/lib/libc++.tbd"; sourceTree = SDKROOT; };
		01C855A520B53007004AAE2D /* OpenGLES.framework */ = {isa = PBXFileReference; lastKnownFileType = wrapper.framework; name = OpenGLES.framework; path = System/Library/Frameworks/OpenGLES.framework; sourceTree = SDKROOT; };
		01C855A720B5300C004AAE2D /* QuartzCore.framework */ = {isa = PBXFileReference; lastKnownFileType = wrapper.framework; name = QuartzCore.framework; path = System/Library/Frameworks/QuartzCore.framework; sourceTree = SDKROOT; };
		01C855A920B53015004AAE2D /* SystemConfiguration.framework */ = {isa = PBXFileReference; lastKnownFileType = wrapper.framework; name = SystemConfiguration.framework; path = System/Library/Frameworks/SystemConfiguration.framework; sourceTree = SDKROOT; };
		01C855AB20B5301C004AAE2D /* UIKit.framework */ = {isa = PBXFileReference; lastKnownFileType = wrapper.framework; name = UIKit.framework; path = System/Library/Frameworks/UIKit.framework; sourceTree = SDKROOT; };
		01C855AD20B53499004AAE2D /* GoogleMaps.bundle */ = {isa = PBXFileReference; lastKnownFileType = "wrapper.plug-in"; name = GoogleMaps.bundle; path = GoogleMaps.framework/Resources/GoogleMaps.bundle; sourceTree = "<group>"; };
		74466EF620B5E29200272F0D /* PayFortSDK.bundle */ = {isa = PBXFileReference; lastKnownFileType = "wrapper.plug-in"; path = PayFortSDK.bundle; sourceTree = "<group>"; };
		74466EF720B5E29200272F0D /* PayFortSDK.framework */ = {isa = PBXFileReference; lastKnownFileType = wrapper.framework; path = PayFortSDK.framework; sourceTree = "<group>"; };
		74466EFA20B5E2C600272F0D /* Buyer-Bridging-Header.h */ = {isa = PBXFileReference; lastKnownFileType = sourcecode.c.h; path = "Buyer-Bridging-Header.h"; sourceTree = "<group>"; };
		8835B2FA20B590E700961324 /* Menu.png */ = {isa = PBXFileReference; lastKnownFileType = image.png; path = Menu.png; sourceTree = "<group>"; };
		8835B2FC20B5A89300961324 /* arrow.png */ = {isa = PBXFileReference; lastKnownFileType = image.png; path = arrow.png; sourceTree = "<group>"; };
		8835B2FE20B5A98A00961324 /* selected.png */ = {isa = PBXFileReference; lastKnownFileType = image.png; path = selected.png; sourceTree = "<group>"; };
		8835B2FF20B5A98A00961324 /* deselect.png */ = {isa = PBXFileReference; lastKnownFileType = image.png; path = deselect.png; sourceTree = "<group>"; };
/* End PBXFileReference section */

/* Begin PBXFrameworksBuildPhase section */
		01C8555720B5168F004AAE2D /* Frameworks */ = {
			isa = PBXFrameworksBuildPhase;
			buildActionMask = 2147483647;
			files = (
				01C855AC20B5301C004AAE2D /* UIKit.framework in Frameworks */,
				01C855AA20B53015004AAE2D /* SystemConfiguration.framework in Frameworks */,
				01C855A820B5300C004AAE2D /* QuartzCore.framework in Frameworks */,
				01C855A620B53007004AAE2D /* OpenGLES.framework in Frameworks */,
				01C855A420B52FFE004AAE2D /* libc++.tbd in Frameworks */,
				01C855A220B52FF6004AAE2D /* libz.tbd in Frameworks */,
				01C855A020B52FF0004AAE2D /* ImageIO.framework in Frameworks */,
				01C8559E20B52FE6004AAE2D /* GLKit.framework in Frameworks */,
				01C8559C20B52FE1004AAE2D /* CoreText.framework in Frameworks */,
				01C8559A20B52FD0004AAE2D /* CoreTelephony.framework in Frameworks */,
				01C8559820B52FC6004AAE2D /* CoreLocation.framework in Frameworks */,
				01C8559620B52FC1004AAE2D /* CoreImage.framework in Frameworks */,
				01C8559420B52FB4004AAE2D /* CoreGraphics.framework in Frameworks */,
				01C8559220B52FAD004AAE2D /* CoreData.framework in Frameworks */,
				01C8559020B52FA3004AAE2D /* Accelerate.framework in Frameworks */,
				01C8558B20B52F1C004AAE2D /* GoogleMapsBase.framework in Frameworks */,
				01C8558A20B52F1C004AAE2D /* GoogleMaps.framework in Frameworks */,
				74466EF920B5E29200272F0D /* PayFortSDK.framework in Frameworks */,
				01C8558920B52F1C004AAE2D /* GoogleMapsCore.framework in Frameworks */,
			);
			runOnlyForDeploymentPostprocessing = 0;
		};
/* End PBXFrameworksBuildPhase section */

/* Begin PBXGroup section */
		01C8555120B5168F004AAE2D = {
			isa = PBXGroup;
			children = (
				01C8555C20B5168F004AAE2D /* Buyer */,
				01C8555B20B5168F004AAE2D /* Products */,
				01C8558E20B52FA2004AAE2D /* Frameworks */,
			);
			sourceTree = "<group>";
		};
		01C8555B20B5168F004AAE2D /* Products */ = {
			isa = PBXGroup;
			children = (
				01C8555A20B5168F004AAE2D /* Buyer.app */,
			);
			name = Products;
			sourceTree = "<group>";
		};
		01C8555C20B5168F004AAE2D /* Buyer */ = {
			isa = PBXGroup;
			children = (
				01C8555D20B5168F004AAE2D /* AppDelegate.swift */,
				01C8555F20B5168F004AAE2D /* ViewController.swift */,
				01C8556120B5168F004AAE2D /* Main.storyboard */,
				8835B30220B5BA9C00961324 /* Custom class */,
				01C8556420B5168F004AAE2D /* Assets.xcassets */,
				01C8557F20B51F04004AAE2D /* CustomMapWIndow.swift */,
				01C8558020B51F04004AAE2D /* CustomMapWIndow.xib */,
				01C8556620B5168F004AAE2D /* LaunchScreen.storyboard */,
				01C8558320B520FE004AAE2D /* SecondViewController.swift */,
				01C8558520B52EEA004AAE2D /* GoogleMAPSDK */,
				01C8556920B5168F004AAE2D /* Info.plist */,
				74466EFA20B5E2C600272F0D /* Buyer-Bridging-Header.h */,
				8835B2F920B590DC00961324 /* Images */,
			);
			path = Buyer;
			sourceTree = "<group>";
		};
		01C8558520B52EEA004AAE2D /* GoogleMAPSDK */ = {
			isa = PBXGroup;
			children = (
				01C8558720B52F1C004AAE2D /* GoogleMaps.framework */,
				01C8558820B52F1C004AAE2D /* GoogleMapsBase.framework */,
				01C8558620B52F1C004AAE2D /* GoogleMapsCore.framework */,
				01C855AD20B53499004AAE2D /* GoogleMaps.bundle */,
			);
			path = GoogleMAPSDK;
			sourceTree = "<group>";
		};
		01C8558E20B52FA2004AAE2D /* Frameworks */ = {
			isa = PBXGroup;
			children = (
				74466EF620B5E29200272F0D /* PayFortSDK.bundle */,
				74466EF720B5E29200272F0D /* PayFortSDK.framework */,
				01C855AB20B5301C004AAE2D /* UIKit.framework */,
				01C855A920B53015004AAE2D /* SystemConfiguration.framework */,
				01C855A720B5300C004AAE2D /* QuartzCore.framework */,
				01C855A520B53007004AAE2D /* OpenGLES.framework */,
				01C855A320B52FFE004AAE2D /* libc++.tbd */,
				01C855A120B52FF6004AAE2D /* libz.tbd */,
				01C8559F20B52FF0004AAE2D /* ImageIO.framework */,
				01C8559D20B52FE6004AAE2D /* GLKit.framework */,
				01C8559B20B52FE1004AAE2D /* CoreText.framework */,
				01C8559920B52FD0004AAE2D /* CoreTelephony.framework */,
				01C8559720B52FC6004AAE2D /* CoreLocation.framework */,
				01C8559520B52FC1004AAE2D /* CoreImage.framework */,
				01C8559320B52FB4004AAE2D /* CoreGraphics.framework */,
				01C8559120B52FAD004AAE2D /* CoreData.framework */,
				01C8558F20B52FA3004AAE2D /* Accelerate.framework */,
			);
			name = Frameworks;
			sourceTree = "<group>";
		};
		8835B2F920B590DC00961324 /* Images */ = {
			isa = PBXGroup;
			children = (
				8835B2FC20B5A89300961324 /* arrow.png */,
				8835B2FA20B590E700961324 /* Menu.png */,
				8835B2FF20B5A98A00961324 /* deselect.png */,
				8835B2FE20B5A98A00961324 /* selected.png */,
			);
			path = Images;
			sourceTree = "<group>";
		};
		8835B30220B5BA9C00961324 /* Custom class */ = {
			isa = PBXGroup;
			children = (
				0146853820B65D4800DEC3BB /* BNavigationController.swift */,
				0146853920B65D4800DEC3BB /* BViewController.swift */,
				0146853A20B65D4800DEC3BB /* DrawerView.swift */,
				0146853720B65D4800DEC3BB /* DrawerView.xib */,
				0146853B20B65D4800DEC3BB /* FNavbarView.swift */,
				0146853620B65D4800DEC3BB /* FNavbarView.xib */,
			);
			path = "Custom class";
			sourceTree = "<group>";
		};
/* End PBXGroup section */

/* Begin PBXNativeTarget section */
		01C8555920B5168F004AAE2D /* Buyer */ = {
			isa = PBXNativeTarget;
			buildConfigurationList = 01C8556C20B5168F004AAE2D /* Build configuration list for PBXNativeTarget "Buyer" */;
			buildPhases = (
				01C8555620B5168F004AAE2D /* Sources */,
				01C8555720B5168F004AAE2D /* Frameworks */,
				01C8555820B5168F004AAE2D /* Resources */,
			);
			buildRules = (
			);
			dependencies = (
			);
			name = Buyer;
			productName = DemoTest;
			productReference = 01C8555A20B5168F004AAE2D /* Buyer.app */;
			productType = "com.apple.product-type.application";
		};
/* End PBXNativeTarget section */

/* Begin PBXProject section */
		01C8555220B5168F004AAE2D /* Project object */ = {
			isa = PBXProject;
			attributes = {
				LastSwiftUpdateCheck = 0920;
				LastUpgradeCheck = 0920;
				ORGANIZATIONNAME = NO;
				TargetAttributes = {
					01C8555920B5168F004AAE2D = {
						CreatedOnToolsVersion = 9.2;
						ProvisioningStyle = Automatic;
					};
				};
			};
			buildConfigurationList = 01C8555520B5168F004AAE2D /* Build configuration list for PBXProject "Buyer" */;
			compatibilityVersion = "Xcode 8.0";
			developmentRegion = en;
			hasScannedForEncodings = 0;
			knownRegions = (
				en,
				Base,
			);
			mainGroup = 01C8555120B5168F004AAE2D;
			productRefGroup = 01C8555B20B5168F004AAE2D /* Products */;
			projectDirPath = "";
			projectRoot = "";
			targets = (
				01C8555920B5168F004AAE2D /* Buyer */,
			);
		};
/* End PBXProject section */

/* Begin PBXResourcesBuildPhase section */
		01C8555820B5168F004AAE2D /* Resources */ = {
			isa = PBXResourcesBuildPhase;
			buildActionMask = 2147483647;
			files = (
				8835B2FB20B590E700961324 /* Menu.png in Resources */,
				01C8556820B5168F004AAE2D /* LaunchScreen.storyboard in Resources */,
				01C8556520B5168F004AAE2D /* Assets.xcassets in Resources */,
				0146853D20B65D4800DEC3BB /* DrawerView.xib in Resources */,
				8835B30120B5A98A00961324 /* deselect.png in Resources */,
				8835B2FD20B5A89300961324 /* arrow.png in Resources */,
				01C8556320B5168F004AAE2D /* Main.storyboard in Resources */,
				74466EF820B5E29200272F0D /* PayFortSDK.bundle in Resources */,
				01C8558220B51F04004AAE2D /* CustomMapWIndow.xib in Resources */,
				8835B30020B5A98A00961324 /* selected.png in Resources */,
				0146853C20B65D4800DEC3BB /* FNavbarView.xib in Resources */,
				01C855AE20B5349A004AAE2D /* GoogleMaps.bundle in Resources */,
			);
			runOnlyForDeploymentPostprocessing = 0;
		};
/* End PBXResourcesBuildPhase section */

/* Begin PBXSourcesBuildPhase section */
		01C8555620B5168F004AAE2D /* Sources */ = {
			isa = PBXSourcesBuildPhase;
			buildActionMask = 2147483647;
			files = (
				0146854020B65D4800DEC3BB /* DrawerView.swift in Sources */,
				01C8558120B51F04004AAE2D /* CustomMapWIndow.swift in Sources */,
				0146853F20B65D4800DEC3BB /* BViewController.swift in Sources */,
				0146853E20B65D4800DEC3BB /* BNavigationController.swift in Sources */,
				01C8558420B520FE004AAE2D /* SecondViewController.swift in Sources */,
				01C8556020B5168F004AAE2D /* ViewController.swift in Sources */,
				01C8555E20B5168F004AAE2D /* AppDelegate.swift in Sources */,
				0146854120B65D4800DEC3BB /* FNavbarView.swift in Sources */,
			);
			runOnlyForDeploymentPostprocessing = 0;
		};
/* End PBXSourcesBuildPhase section */

/* Begin PBXVariantGroup section */
		01C8556120B5168F004AAE2D /* Main.storyboard */ = {
			isa = PBXVariantGroup;
			children = (
				01C8556220B5168F004AAE2D /* Base */,
			);
			name = Main.storyboard;
			sourceTree = "<group>";
		};
		01C8556620B5168F004AAE2D /* LaunchScreen.storyboard */ = {
			isa = PBXVariantGroup;
			children = (
				01C8556720B5168F004AAE2D /* Base */,
			);
			name = LaunchScreen.storyboard;
			sourceTree = "<group>";
		};
/* End PBXVariantGroup section */

/* Begin XCBuildConfiguration section */
		01C8556A20B5168F004AAE2D /* Debug */ = {
			isa = XCBuildConfiguration;
			buildSettings = {
				ALWAYS_SEARCH_USER_PATHS = NO;
				CLANG_ANALYZER_NONNULL = YES;
				CLANG_ANALYZER_NUMBER_OBJECT_CONVERSION = YES_AGGRESSIVE;
				CLANG_CXX_LANGUAGE_STANDARD = "gnu++14";
				CLANG_CXX_LIBRARY = "libc++";
				CLANG_ENABLE_MODULES = YES;
				CLANG_ENABLE_OBJC_ARC = YES;
				CLANG_WARN_BLOCK_CAPTURE_AUTORELEASING = YES;
				CLANG_WARN_BOOL_CONVERSION = YES;
				CLANG_WARN_COMMA = YES;
				CLANG_WARN_CONSTANT_CONVERSION = YES;
				CLANG_WARN_DIRECT_OBJC_ISA_USAGE = YES_ERROR;
				CLANG_WARN_DOCUMENTATION_COMMENTS = YES;
				CLANG_WARN_EMPTY_BODY = YES;
				CLANG_WARN_ENUM_CONVERSION = YES;
				CLANG_WARN_INFINITE_RECURSION = YES;
				CLANG_WARN_INT_CONVERSION = YES;
				CLANG_WARN_NON_LITERAL_NULL_CONVERSION = YES;
				CLANG_WARN_OBJC_LITERAL_CONVERSION = YES;
				CLANG_WARN_OBJC_ROOT_CLASS = YES_ERROR;
				CLANG_WARN_RANGE_LOOP_ANALYSIS = YES;
				CLANG_WARN_STRICT_PROTOTYPES = YES;
				CLANG_WARN_SUSPICIOUS_MOVE = YES;
				CLANG_WARN_UNGUARDED_AVAILABILITY = YES_AGGRESSIVE;
				CLANG_WARN_UNREACHABLE_CODE = YES;
				CLANG_WARN__DUPLICATE_METHOD_MATCH = YES;
				CODE_SIGN_IDENTITY = "iPhone Developer";
				COPY_PHASE_STRIP = NO;
				DEBUG_INFORMATION_FORMAT = dwarf;
				ENABLE_STRICT_OBJC_MSGSEND = YES;
				ENABLE_TESTABILITY = YES;
				GCC_C_LANGUAGE_STANDARD = gnu11;
				GCC_DYNAMIC_NO_PIC = NO;
				GCC_NO_COMMON_BLOCKS = YES;
				GCC_OPTIMIZATION_LEVEL = 0;
				GCC_PREPROCESSOR_DEFINITIONS = (
					"DEBUG=1",
					"$(inherited)",
				);
				GCC_WARN_64_TO_32_BIT_CONVERSION = YES;
				GCC_WARN_ABOUT_RETURN_TYPE = YES_ERROR;
				GCC_WARN_UNDECLARED_SELECTOR = YES;
				GCC_WARN_UNINITIALIZED_AUTOS = YES_AGGRESSIVE;
				GCC_WARN_UNUSED_FUNCTION = YES;
				GCC_WARN_UNUSED_VARIABLE = YES;
				IPHONEOS_DEPLOYMENT_TARGET = 11.2;
				MTL_ENABLE_DEBUG_INFO = YES;
				ONLY_ACTIVE_ARCH = YES;
				SDKROOT = iphoneos;
				SWIFT_ACTIVE_COMPILATION_CONDITIONS = DEBUG;
				SWIFT_OPTIMIZATION_LEVEL = "-Onone";
			};
			name = Debug;
		};
		01C8556B20B5168F004AAE2D /* Release */ = {
			isa = XCBuildConfiguration;
			buildSettings = {
				ALWAYS_SEARCH_USER_PATHS = NO;
				CLANG_ANALYZER_NONNULL = YES;
				CLANG_ANALYZER_NUMBER_OBJECT_CONVERSION = YES_AGGRESSIVE;
				CLANG_CXX_LANGUAGE_STANDARD = "gnu++14";
				CLANG_CXX_LIBRARY = "libc++";
				CLANG_ENABLE_MODULES = YES;
				CLANG_ENABLE_OBJC_ARC = YES;
				CLANG_WARN_BLOCK_CAPTURE_AUTORELEASING = YES;
				CLANG_WARN_BOOL_CONVERSION = YES;
				CLANG_WARN_COMMA = YES;
				CLANG_WARN_CONSTANT_CONVERSION = YES;
				CLANG_WARN_DIRECT_OBJC_ISA_USAGE = YES_ERROR;
				CLANG_WARN_DOCUMENTATION_COMMENTS = YES;
				CLANG_WARN_EMPTY_BODY = YES;
				CLANG_WARN_ENUM_CONVERSION = YES;
				CLANG_WARN_INFINITE_RECURSION = YES;
				CLANG_WARN_INT_CONVERSION = YES;
				CLANG_WARN_NON_LITERAL_NULL_CONVERSION = YES;
				CLANG_WARN_OBJC_LITERAL_CONVERSION = YES;
				CLANG_WARN_OBJC_ROOT_CLASS = YES_ERROR;
				CLANG_WARN_RANGE_LOOP_ANALYSIS = YES;
				CLANG_WARN_STRICT_PROTOTYPES = YES;
				CLANG_WARN_SUSPICIOUS_MOVE = YES;
				CLANG_WARN_UNGUARDED_AVAILABILITY = YES_AGGRESSIVE;
				CLANG_WARN_UNREACHABLE_CODE = YES;
				CLANG_WARN__DUPLICATE_METHOD_MATCH = YES;
				CODE_SIGN_IDENTITY = "iPhone Developer";
				COPY_PHASE_STRIP = NO;
				DEBUG_INFORMATION_FORMAT = "dwarf-with-dsym";
				ENABLE_NS_ASSERTIONS = NO;
				ENABLE_STRICT_OBJC_MSGSEND = YES;
				GCC_C_LANGUAGE_STANDARD = gnu11;
				GCC_NO_COMMON_BLOCKS = YES;
				GCC_WARN_64_TO_32_BIT_CONVERSION = YES;
				GCC_WARN_ABOUT_RETURN_TYPE = YES_ERROR;
				GCC_WARN_UNDECLARED_SELECTOR = YES;
				GCC_WARN_UNINITIALIZED_AUTOS = YES_AGGRESSIVE;
				GCC_WARN_UNUSED_FUNCTION = YES;
				GCC_WARN_UNUSED_VARIABLE = YES;
				IPHONEOS_DEPLOYMENT_TARGET = 11.2;
				MTL_ENABLE_DEBUG_INFO = NO;
				SDKROOT = iphoneos;
				SWIFT_OPTIMIZATION_LEVEL = "-Owholemodule";
				VALIDATE_PRODUCT = YES;
			};
			name = Release;
		};
		01C8556D20B5168F004AAE2D /* Debug */ = {
			isa = XCBuildConfiguration;
			buildSettings = {
				ASSETCATALOG_COMPILER_APPICON_NAME = AppIcon;
				CODE_SIGN_STYLE = Automatic;
				DEVELOPMENT_TEAM = UF2HSF292Z;
				FRAMEWORK_SEARCH_PATHS = (
					"$(inherited)",
					"$(PROJECT_DIR)/Buyer/GoogleMAPSDK",
					"$(PROJECT_DIR)/DemoTest/GoogleMAPSDK",
					"$(PROJECT_DIR)/DemoTest/GoogleMAPSDK",
					"$(PROJECT_DIR)",
				);
				HEADER_SEARCH_PATHS = "$(PROJECT_DIR)";
				INFOPLIST_FILE = Buyer/Info.plist;
				LD_RUNPATH_SEARCH_PATHS = "$(inherited) @executable_path/Frameworks";
				OTHER_LDFLAGS = "-ObjC";
				PRODUCT_BUNDLE_IDENTIFIER = test.coreDataCodableJson.Buyer;
				PRODUCT_NAME = "$(TARGET_NAME)";
				SWIFT_OBJC_BRIDGING_HEADER = "./Buyer/Buyer-Bridging-Header.h";
				SWIFT_VERSION = 4.0;
				TARGETED_DEVICE_FAMILY = "1,2";
			};
			name = Debug;
		};
		01C8556E20B5168F004AAE2D /* Release */ = {
			isa = XCBuildConfiguration;
			buildSettings = {
				ASSETCATALOG_COMPILER_APPICON_NAME = AppIcon;
				CODE_SIGN_STYLE = Automatic;
				DEVELOPMENT_TEAM = UF2HSF292Z;
				FRAMEWORK_SEARCH_PATHS = (
					"$(inherited)",
					"$(PROJECT_DIR)/Buyer/GoogleMAPSDK",
					"$(PROJECT_DIR)/DemoTest/GoogleMAPSDK",
					"$(PROJECT_DIR)/DemoTest/GoogleMAPSDK",
					"$(PROJECT_DIR)",
				);
				HEADER_SEARCH_PATHS = "$(PROJECT_DIR)";
				INFOPLIST_FILE = Buyer/Info.plist;
				LD_RUNPATH_SEARCH_PATHS = "$(inherited) @executable_path/Frameworks";
				OTHER_LDFLAGS = "-ObjC";
				PRODUCT_BUNDLE_IDENTIFIER = test.coreDataCodableJson.Buyer;
				PRODUCT_NAME = "$(TARGET_NAME)";
				SWIFT_OBJC_BRIDGING_HEADER = "./Buyer/Buyer-Bridging-Header.h";
				SWIFT_VERSION = 4.0;
				TARGETED_DEVICE_FAMILY = "1,2";
			};
			name = Release;
		};
/* End XCBuildConfiguration section */

/* Begin XCConfigurationList section */
		01C8555520B5168F004AAE2D /* Build configuration list for PBXProject "Buyer" */ = {
			isa = XCConfigurationList;
			buildConfigurations = (
				01C8556A20B5168F004AAE2D /* Debug */,
				01C8556B20B5168F004AAE2D /* Release */,
			);
			defaultConfigurationIsVisible = 0;
			defaultConfigurationName = Release;
		};
		01C8556C20B5168F004AAE2D /* Build configuration list for PBXNativeTarget "Buyer" */ = {
			isa = XCConfigurationList;
			buildConfigurations = (
				01C8556D20B5168F004AAE2D /* Debug */,
				01C8556E20B5168F004AAE2D /* Release */,
			);
			defaultConfigurationIsVisible = 0;
			defaultConfigurationName = Release;
		};
/* End XCConfigurationList section */
	};
	rootObject = 01C8555220B5168F004AAE2D /* Project object */;
}
